
Microsoft Visual Studio Solution File, Format Version 12.00
# Visual Studio 15
VisualStudioVersion = 15.0.28307.779
MinimumVisualStudioVersion = 10.0.40219.1
Project("{FAE04EC0-301F-11D3-BF4B-00C04F79EFBC}") = "BolindersBil.web", "BolindersBil.web\BolindersBil.web.csproj", "{EB3C0E01-45BC-419A-9EBE-C893867E7655}"
EndProject
Global
	GlobalSection(SolutionConfigurationPlatforms) = preSolution
		Debug|Any CPU = Debug|Any CPU
		Release|Any CPU = Release|Any CPU
	EndGlobalSection
	GlobalSection(ProjectConfigurationPlatforms) = postSolution
		{EB3C0E01-45BC-419A-9EBE-C893867E7655}.Debug|Any CPU.ActiveCfg = Debug|Any CPU
		{EB3C0E01-45BC-419A-9EBE-C893867E7655}.Debug|Any CPU.Build.0 = Debug|Any CPU
		{EB3C0E01-45BC-419A-9EBE-C893867E7655}.Release|Any CPU.ActiveCfg = Release|Any CPU
		{EB3C0E01-45BC-419A-9EBE-C893867E7655}.Release|Any CPU.Build.0 = Release|Any CPU
	EndGlobalSection
	GlobalSection(SolutionProperties) = preSolution
		HideSolutionNode = FALSE
	EndGlobalSection
	GlobalSection(ExtensibilityGlobals) = postSolution
		SolutionGuid = {ABEE5DE2-C030-4FAB-A154-56348EF0ED35}
	EndGlobalSection
EndGlobal
